
Microsoft Visual Studio Solution File, Format Version 12.00
# Visual Studio Version 17
VisualStudioVersion = 17.10.34928.147
MinimumVisualStudioVersion = 10.0.40219.1
Project("{9A19103F-16F7-4668-BE54-9A1E7A4F7556}") = "Library.API", "Library.API\Library.API.csproj", "{D2048897-05B2-489F-B1B6-E4DAFF09DEA2}"
EndProject
Project("{9A19103F-16F7-4668-BE54-9A1E7A4F7556}") = "Library.Domain", "Library.Domain\Library.Domain.csproj", "{2EE5AD3F-F4A3-4E8F-A956-B5A2FD1B70BF}"
EndProject
Project("{9A19103F-16F7-4668-BE54-9A1E7A4F7556}") = "Library.Persistence", "Library.Persistence\Library.Persistence.csproj", "{C4F94D6A-048E-495B-971B-C5AA261AB962}"
EndProject
Project("{9A19103F-16F7-4668-BE54-9A1E7A4F7556}") = "Library.Application", "Library.Application\Library.Application.csproj", "{83E2B35F-958D-4079-BD1B-1DDC32B856A4}"
EndProject
Project("{FAE04EC0-301F-11D3-BF4B-00C04F79EFBC}") = "Library.Tests", "Library.Tests\Library.Tests.csproj", "{7FF0532F-AF37-47A1-AB1C-2E0EF0F317C6}"
EndProject
Global
	GlobalSection(SolutionConfigurationPlatforms) = preSolution
		Debug|Any CPU = Debug|Any CPU
		Release|Any CPU = Release|Any CPU
	EndGlobalSection
	GlobalSection(ProjectConfigurationPlatforms) = postSolution
		{D2048897-05B2-489F-B1B6-E4DAFF09DEA2}.Debug|Any CPU.ActiveCfg = Debug|Any CPU
		{D2048897-05B2-489F-B1B6-E4DAFF09DEA2}.Debug|Any CPU.Build.0 = Debug|Any CPU
		{D2048897-05B2-489F-B1B6-E4DAFF09DEA2}.Release|Any CPU.ActiveCfg = Release|Any CPU
		{D2048897-05B2-489F-B1B6-E4DAFF09DEA2}.Release|Any CPU.Build.0 = Release|Any CPU
		{2EE5AD3F-F4A3-4E8F-A956-B5A2FD1B70BF}.Debug|Any CPU.ActiveCfg = Debug|Any CPU
		{2EE5AD3F-F4A3-4E8F-A956-B5A2FD1B70BF}.Debug|Any CPU.Build.0 = Debug|Any CPU
		{2EE5AD3F-F4A3-4E8F-A956-B5A2FD1B70BF}.Release|Any CPU.ActiveCfg = Release|Any CPU
		{2EE5AD3F-F4A3-4E8F-A956-B5A2FD1B70BF}.Release|Any CPU.Build.0 = Release|Any CPU
		{C4F94D6A-048E-495B-971B-C5AA261AB962}.Debug|Any CPU.ActiveCfg = Debug|Any CPU
		{C4F94D6A-048E-495B-971B-C5AA261AB962}.Debug|Any CPU.Build.0 = Debug|Any CPU
		{C4F94D6A-048E-495B-971B-C5AA261AB962}.Release|Any CPU.ActiveCfg = Release|Any CPU
		{C4F94D6A-048E-495B-971B-C5AA261AB962}.Release|Any CPU.Build.0 = Release|Any CPU
		{83E2B35F-958D-4079-BD1B-1DDC32B856A4}.Debug|Any CPU.ActiveCfg = Debug|Any CPU
		{83E2B35F-958D-4079-BD1B-1DDC32B856A4}.Debug|Any CPU.Build.0 = Debug|Any CPU
		{83E2B35F-958D-4079-BD1B-1DDC32B856A4}.Release|Any CPU.ActiveCfg = Release|Any CPU
		{83E2B35F-958D-4079-BD1B-1DDC32B856A4}.Release|Any CPU.Build.0 = Release|Any CPU
		{7FF0532F-AF37-47A1-AB1C-2E0EF0F317C6}.Debug|Any CPU.ActiveCfg = Debug|Any CPU
		{7FF0532F-AF37-47A1-AB1C-2E0EF0F317C6}.Debug|Any CPU.Build.0 = Debug|Any CPU
		{7FF0532F-AF37-47A1-AB1C-2E0EF0F317C6}.Release|Any CPU.ActiveCfg = Release|Any CPU
		{7FF0532F-AF37-47A1-AB1C-2E0EF0F317C6}.Release|Any CPU.Build.0 = Release|Any CPU
	EndGlobalSection
	GlobalSection(SolutionProperties) = preSolution
		HideSolutionNode = FALSE
	EndGlobalSection
	GlobalSection(ExtensibilityGlobals) = postSolution
		SolutionGuid = {42BA0C0B-26CB-4724-9DDF-30570B7CF1E1}
	EndGlobalSection
EndGlobal
